// !$*UTF8*$!
{
	archiveVersion = 1;
	classes = {
	};
	objectVersion = 51;
	objects = {

/* Begin PBXBuildFile section */
		0689909D54E45510F8552E23 /* Pods_Stories_StoriesUITests.framework in Frameworks */ = {isa = PBXBuildFile; fileRef = DC0312ED2F4CB32276BD003A /* Pods_Stories_StoriesUITests.framework */; };
		51FF567F678215AE8E767FE1 /* Pods_StoriesTests.framework in Frameworks */ = {isa = PBXBuildFile; fileRef = CA19595F8B46B77EB0BA0FCA /* Pods_StoriesTests.framework */; };
		542572B99EBA2DE7FE28FDD5 /* Pods_Stories.framework in Frameworks */ = {isa = PBXBuildFile; fileRef = 85D41C2555DD8E126B7A318E /* Pods_Stories.framework */; };
		69BEA3D82670EB63000A7F73 /* StoryViewController.swift in Sources */ = {isa = PBXBuildFile; fileRef = 69BEA3D72670EB63000A7F73 /* StoryViewController.swift */; };
		69BEA3DE2670F09F000A7F73 /* SegmentedProgressBar.swift in Sources */ = {isa = PBXBuildFile; fileRef = 69BEA3DD2670F09F000A7F73 /* SegmentedProgressBar.swift */; };
		69BEA3F6267135A8000A7F73 /* StoryCollectionViewCell.swift in Sources */ = {isa = PBXBuildFile; fileRef = 69BEA3F5267135A8000A7F73 /* StoryCollectionViewCell.swift */; };
		69BEA40A267143F1000A7F73 /* DetailViewController.swift in Sources */ = {isa = PBXBuildFile; fileRef = 69BEA409267143F1000A7F73 /* DetailViewController.swift */; };
		69BEA40F26714544000A7F73 /* DetailCollectionViewCell.swift in Sources */ = {isa = PBXBuildFile; fileRef = 69BEA40E26714544000A7F73 /* DetailCollectionViewCell.swift */; };
		69BEA4182671616E000A7F73 /* Extensions.swift in Sources */ = {isa = PBXBuildFile; fileRef = 69BEA4172671616D000A7F73 /* Extensions.swift */; };
		69DA71AC2670C44C00C6CE90 /* AppDelegate.swift in Sources */ = {isa = PBXBuildFile; fileRef = 69DA71AB2670C44C00C6CE90 /* AppDelegate.swift */; };
		69DA71AE2670C44C00C6CE90 /* SceneDelegate.swift in Sources */ = {isa = PBXBuildFile; fileRef = 69DA71AD2670C44C00C6CE90 /* SceneDelegate.swift */; };
		69DA71B02670C44C00C6CE90 /* HomepageViewController.swift in Sources */ = {isa = PBXBuildFile; fileRef = 69DA71AF2670C44C00C6CE90 /* HomepageViewController.swift */; };
		69DA71B32670C44C00C6CE90 /* Main.storyboard in Resources */ = {isa = PBXBuildFile; fileRef = 69DA71B12670C44C00C6CE90 /* Main.storyboard */; };
		69DA71B52670C45000C6CE90 /* Assets.xcassets in Resources */ = {isa = PBXBuildFile; fileRef = 69DA71B42670C45000C6CE90 /* Assets.xcassets */; };
		69DA71B82670C45000C6CE90 /* LaunchScreen.storyboard in Resources */ = {isa = PBXBuildFile; fileRef = 69DA71B62670C45000C6CE90 /* LaunchScreen.storyboard */; };
		69DA71C32670C45100C6CE90 /* StoriesTests.swift in Sources */ = {isa = PBXBuildFile; fileRef = 69DA71C22670C45100C6CE90 /* StoriesTests.swift */; };
		69DA71CE2670C45100C6CE90 /* StoriesUITests.swift in Sources */ = {isa = PBXBuildFile; fileRef = 69DA71CD2670C45100C6CE90 /* StoriesUITests.swift */; };
		69DA71DF2670C4D200C6CE90 /* Constants.swift in Sources */ = {isa = PBXBuildFile; fileRef = 69DA71DE2670C4D200C6CE90 /* Constants.swift */; };
		69DA72082670D1F100C6CE90 /* MainStoryCollectionViewCell.swift in Sources */ = {isa = PBXBuildFile; fileRef = 69DA72072670D1F100C6CE90 /* MainStoryCollectionViewCell.swift */; };
/* End PBXBuildFile section */

/* Begin PBXContainerItemProxy section */
		69DA71BF2670C45100C6CE90 /* PBXContainerItemProxy */ = {
			isa = PBXContainerItemProxy;
			containerPortal = 69DA71A02670C44C00C6CE90 /* Project object */;
			proxyType = 1;
			remoteGlobalIDString = 69DA71A72670C44C00C6CE90;
			remoteInfo = Stories;
		};
		69DA71CA2670C45100C6CE90 /* PBXContainerItemProxy */ = {
			isa = PBXContainerItemProxy;
			containerPortal = 69DA71A02670C44C00C6CE90 /* Project object */;
			proxyType = 1;
			remoteGlobalIDString = 69DA71A72670C44C00C6CE90;
			remoteInfo = Stories;
		};
/* End PBXContainerItemProxy section */

/* Begin PBXFileReference section */
		640B934325961EE3390EC820 /* Pods-StoriesTests.release.xcconfig */ = {isa = PBXFileReference; includeInIndex = 1; lastKnownFileType = text.xcconfig; name = "Pods-StoriesTests.release.xcconfig"; path = "Target Support Files/Pods-StoriesTests/Pods-StoriesTests.release.xcconfig"; sourceTree = "<group>"; };
		69BEA3D72670EB63000A7F73 /* StoryViewController.swift */ = {isa = PBXFileReference; lastKnownFileType = sourcecode.swift; path = StoryViewController.swift; sourceTree = "<group>"; };
		69BEA3DD2670F09F000A7F73 /* SegmentedProgressBar.swift */ = {isa = PBXFileReference; lastKnownFileType = sourcecode.swift; path = SegmentedProgressBar.swift; sourceTree = "<group>"; };
		69BEA3F5267135A8000A7F73 /* StoryCollectionViewCell.swift */ = {isa = PBXFileReference; lastKnownFileType = sourcecode.swift; path = StoryCollectionViewCell.swift; sourceTree = "<group>"; };
		69BEA409267143F1000A7F73 /* DetailViewController.swift */ = {isa = PBXFileReference; lastKnownFileType = sourcecode.swift; path = DetailViewController.swift; sourceTree = "<group>"; };
		69BEA40E26714544000A7F73 /* DetailCollectionViewCell.swift */ = {isa = PBXFileReference; lastKnownFileType = sourcecode.swift; path = DetailCollectionViewCell.swift; sourceTree = "<group>"; };
		69BEA4172671616D000A7F73 /* Extensions.swift */ = {isa = PBXFileReference; lastKnownFileType = sourcecode.swift; path = Extensions.swift; sourceTree = "<group>"; };
		69DA71A82670C44C00C6CE90 /* Stories.app */ = {isa = PBXFileReference; explicitFileType = wrapper.application; includeInIndex = 0; path = Stories.app; sourceTree = BUILT_PRODUCTS_DIR; };
		69DA71AB2670C44C00C6CE90 /* AppDelegate.swift */ = {isa = PBXFileReference; lastKnownFileType = sourcecode.swift; path = AppDelegate.swift; sourceTree = "<group>"; };
		69DA71AD2670C44C00C6CE90 /* SceneDelegate.swift */ = {isa = PBXFileReference; lastKnownFileType = sourcecode.swift; path = SceneDelegate.swift; sourceTree = "<group>"; };
		69DA71AF2670C44C00C6CE90 /* HomepageViewController.swift */ = {isa = PBXFileReference; lastKnownFileType = sourcecode.swift; path = HomepageViewController.swift; sourceTree = "<group>"; };
		69DA71B22670C44C00C6CE90 /* Base */ = {isa = PBXFileReference; lastKnownFileType = file.storyboard; name = Base; path = Base.lproj/Main.storyboard; sourceTree = "<group>"; };
		69DA71B42670C45000C6CE90 /* Assets.xcassets */ = {isa = PBXFileReference; lastKnownFileType = folder.assetcatalog; path = Assets.xcassets; sourceTree = "<group>"; };
		69DA71B72670C45000C6CE90 /* Base */ = {isa = PBXFileReference; lastKnownFileType = file.storyboard; name = Base; path = Base.lproj/LaunchScreen.storyboard; sourceTree = "<group>"; };
		69DA71B92670C45000C6CE90 /* Info.plist */ = {isa = PBXFileReference; lastKnownFileType = text.plist.xml; path = Info.plist; sourceTree = "<group>"; };
		69DA71BE2670C45100C6CE90 /* StoriesTests.xctest */ = {isa = PBXFileReference; explicitFileType = wrapper.cfbundle; includeInIndex = 0; path = StoriesTests.xctest; sourceTree = BUILT_PRODUCTS_DIR; };
		69DA71C22670C45100C6CE90 /* StoriesTests.swift */ = {isa = PBXFileReference; lastKnownFileType = sourcecode.swift; path = StoriesTests.swift; sourceTree = "<group>"; };
		69DA71C42670C45100C6CE90 /* Info.plist */ = {isa = PBXFileReference; lastKnownFileType = text.plist.xml; path = Info.plist; sourceTree = "<group>"; };
		69DA71C92670C45100C6CE90 /* StoriesUITests.xctest */ = {isa = PBXFileReference; explicitFileType = wrapper.cfbundle; includeInIndex = 0; path = StoriesUITests.xctest; sourceTree = BUILT_PRODUCTS_DIR; };
		69DA71CD2670C45100C6CE90 /* StoriesUITests.swift */ = {isa = PBXFileReference; lastKnownFileType = sourcecode.swift; path = StoriesUITests.swift; sourceTree = "<group>"; };
		69DA71CF2670C45100C6CE90 /* Info.plist */ = {isa = PBXFileReference; lastKnownFileType = text.plist.xml; path = Info.plist; sourceTree = "<group>"; };
		69DA71DE2670C4D200C6CE90 /* Constants.swift */ = {isa = PBXFileReference; lastKnownFileType = sourcecode.swift; path = Constants.swift; sourceTree = "<group>"; };
		69DA72072670D1F100C6CE90 /* MainStoryCollectionViewCell.swift */ = {isa = PBXFileReference; lastKnownFileType = sourcecode.swift; path = MainStoryCollectionViewCell.swift; sourceTree = "<group>"; };
		85D41C2555DD8E126B7A318E /* Pods_Stories.framework */ = {isa = PBXFileReference; explicitFileType = wrapper.framework; includeInIndex = 0; path = Pods_Stories.framework; sourceTree = BUILT_PRODUCTS_DIR; };
		9327EFC3A1BB304F47A8850B /* Pods-Stories-StoriesUITests.debug.xcconfig */ = {isa = PBXFileReference; includeInIndex = 1; lastKnownFileType = text.xcconfig; name = "Pods-Stories-StoriesUITests.debug.xcconfig"; path = "Target Support Files/Pods-Stories-StoriesUITests/Pods-Stories-StoriesUITests.debug.xcconfig"; sourceTree = "<group>"; };
		9F2794DDDCEB25DEA2B41035 /* Pods-Stories.debug.xcconfig */ = {isa = PBXFileReference; includeInIndex = 1; lastKnownFileType = text.xcconfig; name = "Pods-Stories.debug.xcconfig"; path = "Target Support Files/Pods-Stories/Pods-Stories.debug.xcconfig"; sourceTree = "<group>"; };
		BB3FEF68DF7D23FD7BA8DC0F /* Pods-Stories-StoriesUITests.release.xcconfig */ = {isa = PBXFileReference; includeInIndex = 1; lastKnownFileType = text.xcconfig; name = "Pods-Stories-StoriesUITests.release.xcconfig"; path = "Target Support Files/Pods-Stories-StoriesUITests/Pods-Stories-StoriesUITests.release.xcconfig"; sourceTree = "<group>"; };
		C726E0E961B64AEC33EFD5DA /* Pods-StoriesTests.debug.xcconfig */ = {isa = PBXFileReference; includeInIndex = 1; lastKnownFileType = text.xcconfig; name = "Pods-StoriesTests.debug.xcconfig"; path = "Target Support Files/Pods-StoriesTests/Pods-StoriesTests.debug.xcconfig"; sourceTree = "<group>"; };
		CA19595F8B46B77EB0BA0FCA /* Pods_StoriesTests.framework */ = {isa = PBXFileReference; explicitFileType = wrapper.framework; includeInIndex = 0; path = Pods_StoriesTests.framework; sourceTree = BUILT_PRODUCTS_DIR; };
		DC0312ED2F4CB32276BD003A /* Pods_Stories_StoriesUITests.framework */ = {isa = PBXFileReference; explicitFileType = wrapper.framework; includeInIndex = 0; path = Pods_Stories_StoriesUITests.framework; sourceTree = BUILT_PRODUCTS_DIR; };
		FE3468A1B6F3B34893431691 /* Pods-Stories.release.xcconfig */ = {isa = PBXFileReference; includeInIndex = 1; lastKnownFileType = text.xcconfig; name = "Pods-Stories.release.xcconfig"; path = "Target Support Files/Pods-Stories/Pods-Stories.release.xcconfig"; sourceTree = "<group>"; };
/* End PBXFileReference section */

/* Begin PBXFrameworksBuildPhase section */
		69DA71A52670C44C00C6CE90 /* Frameworks */ = {
			isa = PBXFrameworksBuildPhase;
			buildActionMask = 2147483647;
			files = (
				542572B99EBA2DE7FE28FDD5 /* Pods_Stories.framework in Frameworks */,
			);
			runOnlyForDeploymentPostprocessing = 0;
		};
		69DA71BB2670C45100C6CE90 /* Frameworks */ = {
			isa = PBXFrameworksBuildPhase;
			buildActionMask = 2147483647;
			files = (
				51FF567F678215AE8E767FE1 /* Pods_StoriesTests.framework in Frameworks */,
			);
			runOnlyForDeploymentPostprocessing = 0;
		};
		69DA71C62670C45100C6CE90 /* Frameworks */ = {
			isa = PBXFrameworksBuildPhase;
			buildActionMask = 2147483647;
			files = (
				0689909D54E45510F8552E23 /* Pods_Stories_StoriesUITests.framework in Frameworks */,
			);
			runOnlyForDeploymentPostprocessing = 0;
		};
/* End PBXFrameworksBuildPhase section */

/* Begin PBXGroup section */
		1B5CA52938ADAFA5A74A910B /* Frameworks */ = {
			isa = PBXGroup;
			children = (
				85D41C2555DD8E126B7A318E /* Pods_Stories.framework */,
				DC0312ED2F4CB32276BD003A /* Pods_Stories_StoriesUITests.framework */,
				CA19595F8B46B77EB0BA0FCA /* Pods_StoriesTests.framework */,
			);
			name = Frameworks;
			sourceTree = "<group>";
		};
		61FC0BAF7237310B82F544F7 /* Pods */ = {
			isa = PBXGroup;
			children = (
				9F2794DDDCEB25DEA2B41035 /* Pods-Stories.debug.xcconfig */,
				FE3468A1B6F3B34893431691 /* Pods-Stories.release.xcconfig */,
				9327EFC3A1BB304F47A8850B /* Pods-Stories-StoriesUITests.debug.xcconfig */,
				BB3FEF68DF7D23FD7BA8DC0F /* Pods-Stories-StoriesUITests.release.xcconfig */,
				C726E0E961B64AEC33EFD5DA /* Pods-StoriesTests.debug.xcconfig */,
				640B934325961EE3390EC820 /* Pods-StoriesTests.release.xcconfig */,
			);
			path = Pods;
			sourceTree = "<group>";
		};
		69BEA3DC2670F06F000A7F73 /* Segmented Progress Bar */ = {
			isa = PBXGroup;
			children = (
				69BEA3DD2670F09F000A7F73 /* SegmentedProgressBar.swift */,
			);
			path = "Segmented Progress Bar";
			sourceTree = "<group>";
		};
		69BEA4132671485F000A7F73 /* old */ = {
			isa = PBXGroup;
			children = (
				69BEA3D72670EB63000A7F73 /* StoryViewController.swift */,
				69BEA3F5267135A8000A7F73 /* StoryCollectionViewCell.swift */,
			);
			path = old;
			sourceTree = "<group>";
		};
		69DA719F2670C44C00C6CE90 = {
			isa = PBXGroup;
			children = (
				69DA71AA2670C44C00C6CE90 /* Stories */,
				69DA71C12670C45100C6CE90 /* StoriesTests */,
				69DA71CC2670C45100C6CE90 /* StoriesUITests */,
				69DA71A92670C44C00C6CE90 /* Products */,
				61FC0BAF7237310B82F544F7 /* Pods */,
				1B5CA52938ADAFA5A74A910B /* Frameworks */,
			);
			sourceTree = "<group>";
		};
		69DA71A92670C44C00C6CE90 /* Products */ = {
			isa = PBXGroup;
			children = (
				69DA71A82670C44C00C6CE90 /* Stories.app */,
				69DA71BE2670C45100C6CE90 /* StoriesTests.xctest */,
				69DA71C92670C45100C6CE90 /* StoriesUITests.xctest */,
			);
			name = Products;
			sourceTree = "<group>";
		};
		69DA71AA2670C44C00C6CE90 /* Stories */ = {
			isa = PBXGroup;
			children = (
				69BEA4132671485F000A7F73 /* old */,
				69DA71F62670C65200C6CE90 /* Controller */,
				69DA71F52670C63A00C6CE90 /* View */,
				69DA71F32670C5FF00C6CE90 /* Model */,
				69DA71AB2670C44C00C6CE90 /* AppDelegate.swift */,
				69DA71AD2670C44C00C6CE90 /* SceneDelegate.swift */,
				69DA71B12670C44C00C6CE90 /* Main.storyboard */,
				69DA71B42670C45000C6CE90 /* Assets.xcassets */,
				69DA71B62670C45000C6CE90 /* LaunchScreen.storyboard */,
				69DA71B92670C45000C6CE90 /* Info.plist */,
				69DA71DE2670C4D200C6CE90 /* Constants.swift */,
				69BEA4172671616D000A7F73 /* Extensions.swift */,
			);
			path = Stories;
			sourceTree = "<group>";
		};
		69DA71C12670C45100C6CE90 /* StoriesTests */ = {
			isa = PBXGroup;
			children = (
				69DA71C22670C45100C6CE90 /* StoriesTests.swift */,
				69DA71C42670C45100C6CE90 /* Info.plist */,
			);
			path = StoriesTests;
			sourceTree = "<group>";
		};
		69DA71CC2670C45100C6CE90 /* StoriesUITests */ = {
			isa = PBXGroup;
			children = (
				69DA71CD2670C45100C6CE90 /* StoriesUITests.swift */,
				69DA71CF2670C45100C6CE90 /* Info.plist */,
			);
			path = StoriesUITests;
			sourceTree = "<group>";
		};
		69DA71F32670C5FF00C6CE90 /* Model */ = {
			isa = PBXGroup;
			children = (
			);
			path = Model;
			sourceTree = "<group>";
		};
		69DA71F52670C63A00C6CE90 /* View */ = {
			isa = PBXGroup;
			children = (
				69BEA3DC2670F06F000A7F73 /* Segmented Progress Bar */,
				69DA72072670D1F100C6CE90 /* MainStoryCollectionViewCell.swift */,
				69BEA40E26714544000A7F73 /* DetailCollectionViewCell.swift */,
			);
			path = View;
			sourceTree = "<group>";
		};
		69DA71F62670C65200C6CE90 /* Controller */ = {
			isa = PBXGroup;
			children = (
				69DA71AF2670C44C00C6CE90 /* HomepageViewController.swift */,
				69BEA409267143F1000A7F73 /* DetailViewController.swift */,
			);
			path = Controller;
			sourceTree = "<group>";
		};
/* End PBXGroup section */

/* Begin PBXNativeTarget section */
		69DA71A72670C44C00C6CE90 /* Stories */ = {
			isa = PBXNativeTarget;
			buildConfigurationList = 69DA71D22670C45100C6CE90 /* Build configuration list for PBXNativeTarget "Stories" */;
			buildPhases = (
				B414A096C92C60A367607633 /* [CP] Check Pods Manifest.lock */,
				69DA71A42670C44C00C6CE90 /* Sources */,
				69DA71A52670C44C00C6CE90 /* Frameworks */,
				69DA71A62670C44C00C6CE90 /* Resources */,
				9A3176C6916852A0394CD32D /* [CP] Embed Pods Frameworks */,
			);
			buildRules = (
			);
			dependencies = (
			);
			name = Stories;
			productName = Stories;
			productReference = 69DA71A82670C44C00C6CE90 /* Stories.app */;
			productType = "com.apple.product-type.application";
		};
		69DA71BD2670C45100C6CE90 /* StoriesTests */ = {
			isa = PBXNativeTarget;
			buildConfigurationList = 69DA71D52670C45100C6CE90 /* Build configuration list for PBXNativeTarget "StoriesTests" */;
			buildPhases = (
				87EE5167882A0ADB17628538 /* [CP] Check Pods Manifest.lock */,
				69DA71BA2670C45100C6CE90 /* Sources */,
				69DA71BB2670C45100C6CE90 /* Frameworks */,
				69DA71BC2670C45100C6CE90 /* Resources */,
			);
			buildRules = (
			);
			dependencies = (
				69DA71C02670C45100C6CE90 /* PBXTargetDependency */,
			);
			name = StoriesTests;
			productName = StoriesTests;
			productReference = 69DA71BE2670C45100C6CE90 /* StoriesTests.xctest */;
			productType = "com.apple.product-type.bundle.unit-test";
		};
		69DA71C82670C45100C6CE90 /* StoriesUITests */ = {
			isa = PBXNativeTarget;
			buildConfigurationList = 69DA71D82670C45100C6CE90 /* Build configuration list for PBXNativeTarget "StoriesUITests" */;
			buildPhases = (
				135F1631A657B2C4D5EF372F /* [CP] Check Pods Manifest.lock */,
				69DA71C52670C45100C6CE90 /* Sources */,
				69DA71C62670C45100C6CE90 /* Frameworks */,
				69DA71C72670C45100C6CE90 /* Resources */,
				1019834D8091CF774D469539 /* [CP] Embed Pods Frameworks */,
			);
			buildRules = (
			);
			dependencies = (
				69DA71CB2670C45100C6CE90 /* PBXTargetDependency */,
			);
			name = StoriesUITests;
			productName = StoriesUITests;
			productReference = 69DA71C92670C45100C6CE90 /* StoriesUITests.xctest */;
			productType = "com.apple.product-type.bundle.ui-testing";
		};
/* End PBXNativeTarget section */

/* Begin PBXProject section */
		69DA71A02670C44C00C6CE90 /* Project object */ = {
			isa = PBXProject;
			attributes = {
				LastSwiftUpdateCheck = 1220;
				LastUpgradeCheck = 1220;
				TargetAttributes = {
					69DA71A72670C44C00C6CE90 = {
						CreatedOnToolsVersion = 12.2;
					};
					69DA71BD2670C45100C6CE90 = {
						CreatedOnToolsVersion = 12.2;
						TestTargetID = 69DA71A72670C44C00C6CE90;
					};
					69DA71C82670C45100C6CE90 = {
						CreatedOnToolsVersion = 12.2;
						TestTargetID = 69DA71A72670C44C00C6CE90;
					};
				};
			};
			buildConfigurationList = 69DA71A32670C44C00C6CE90 /* Build configuration list for PBXProject "Stories" */;
			compatibilityVersion = "Xcode 9.3";
			developmentRegion = en;
			hasScannedForEncodings = 0;
			knownRegions = (
				en,
				Base,
			);
			mainGroup = 69DA719F2670C44C00C6CE90;
			productRefGroup = 69DA71A92670C44C00C6CE90 /* Products */;
			projectDirPath = "";
			projectRoot = "";
			targets = (
				69DA71A72670C44C00C6CE90 /* Stories */,
				69DA71BD2670C45100C6CE90 /* StoriesTests */,
				69DA71C82670C45100C6CE90 /* StoriesUITests */,
			);
		};
/* End PBXProject section */

/* Begin PBXResourcesBuildPhase section */
		69DA71A62670C44C00C6CE90 /* Resources */ = {
			isa = PBXResourcesBuildPhase;
			buildActionMask = 2147483647;
			files = (
				69DA71B82670C45000C6CE90 /* LaunchScreen.storyboard in Resources */,
				69DA71B52670C45000C6CE90 /* Assets.xcassets in Resources */,
				69DA71B32670C44C00C6CE90 /* Main.storyboard in Resources */,
			);
			runOnlyForDeploymentPostprocessing = 0;
		};
		69DA71BC2670C45100C6CE90 /* Resources */ = {
			isa = PBXResourcesBuildPhase;
			buildActionMask = 2147483647;
			files = (
			);
			runOnlyForDeploymentPostprocessing = 0;
		};
		69DA71C72670C45100C6CE90 /* Resources */ = {
			isa = PBXResourcesBuildPhase;
			buildActionMask = 2147483647;
			files = (
			);
			runOnlyForDeploymentPostprocessing = 0;
		};
/* End PBXResourcesBuildPhase section */

/* Begin PBXShellScriptBuildPhase section */
		1019834D8091CF774D469539 /* [CP] Embed Pods Frameworks */ = {
			isa = PBXShellScriptBuildPhase;
			buildActionMask = 2147483647;
			files = (
			);
			inputFileListPaths = (
				"${PODS_ROOT}/Target Support Files/Pods-Stories-StoriesUITests/Pods-Stories-StoriesUITests-frameworks-${CONFIGURATION}-input-files.xcfilelist",
			);
			name = "[CP] Embed Pods Frameworks";
			outputFileListPaths = (
				"${PODS_ROOT}/Target Support Files/Pods-Stories-StoriesUITests/Pods-Stories-StoriesUITests-frameworks-${CONFIGURATION}-output-files.xcfilelist",
			);
			runOnlyForDeploymentPostprocessing = 0;
			shellPath = /bin/sh;
			shellScript = "\"${PODS_ROOT}/Target Support Files/Pods-Stories-StoriesUITests/Pods-Stories-StoriesUITests-frameworks.sh\"\n";
			showEnvVarsInLog = 0;
		};
		135F1631A657B2C4D5EF372F /* [CP] Check Pods Manifest.lock */ = {
			isa = PBXShellScriptBuildPhase;
			buildActionMask = 2147483647;
			files = (
			);
			inputFileListPaths = (
			);
			inputPaths = (
				"${PODS_PODFILE_DIR_PATH}/Podfile.lock",
				"${PODS_ROOT}/Manifest.lock",
			);
			name = "[CP] Check Pods Manifest.lock";
			outputFileListPaths = (
			);
			outputPaths = (
				"$(DERIVED_FILE_DIR)/Pods-Stories-StoriesUITests-checkManifestLockResult.txt",
			);
			runOnlyForDeploymentPostprocessing = 0;
			shellPath = /bin/sh;
			shellScript = "diff \"${PODS_PODFILE_DIR_PATH}/Podfile.lock\" \"${PODS_ROOT}/Manifest.lock\" > /dev/null\nif [ $? != 0 ] ; then\n    # print error to STDERR\n    echo \"error: The sandbox is not in sync with the Podfile.lock. Run 'pod install' or update your CocoaPods installation.\" >&2\n    exit 1\nfi\n# This output is used by Xcode 'outputs' to avoid re-running this script phase.\necho \"SUCCESS\" > \"${SCRIPT_OUTPUT_FILE_0}\"\n";
			showEnvVarsInLog = 0;
		};
		87EE5167882A0ADB17628538 /* [CP] Check Pods Manifest.lock */ = {
			isa = PBXShellScriptBuildPhase;
			buildActionMask = 2147483647;
			files = (
			);
			inputFileListPaths = (
			);
			inputPaths = (
				"${PODS_PODFILE_DIR_PATH}/Podfile.lock",
				"${PODS_ROOT}/Manifest.lock",
			);
			name = "[CP] Check Pods Manifest.lock";
			outputFileListPaths = (
			);
			outputPaths = (
				"$(DERIVED_FILE_DIR)/Pods-StoriesTests-checkManifestLockResult.txt",
			);
			runOnlyForDeploymentPostprocessing = 0;
			shellPath = /bin/sh;
			shellScript = "diff \"${PODS_PODFILE_DIR_PATH}/Podfile.lock\" \"${PODS_ROOT}/Manifest.lock\" > /dev/null\nif [ $? != 0 ] ; then\n    # print error to STDERR\n    echo \"error: The sandbox is not in sync with the Podfile.lock. Run 'pod install' or update your CocoaPods installation.\" >&2\n    exit 1\nfi\n# This output is used by Xcode 'outputs' to avoid re-running this script phase.\necho \"SUCCESS\" > \"${SCRIPT_OUTPUT_FILE_0}\"\n";
			showEnvVarsInLog = 0;
		};
		9A3176C6916852A0394CD32D /* [CP] Embed Pods Frameworks */ = {
			isa = PBXShellScriptBuildPhase;
			buildActionMask = 2147483647;
			files = (
			);
			inputFileListPaths = (
				"${PODS_ROOT}/Target Support Files/Pods-Stories/Pods-Stories-frameworks-${CONFIGURATION}-input-files.xcfilelist",
			);
			name = "[CP] Embed Pods Frameworks";
			outputFileListPaths = (
				"${PODS_ROOT}/Target Support Files/Pods-Stories/Pods-Stories-frameworks-${CONFIGURATION}-output-files.xcfilelist",
			);
			runOnlyForDeploymentPostprocessing = 0;
			shellPath = /bin/sh;
			shellScript = "\"${PODS_ROOT}/Target Support Files/Pods-Stories/Pods-Stories-frameworks.sh\"\n";
			showEnvVarsInLog = 0;
		};
		B414A096C92C60A367607633 /* [CP] Check Pods Manifest.lock */ = {
			isa = PBXShellScriptBuildPhase;
			buildActionMask = 2147483647;
			files = (
			);
			inputFileListPaths = (
			);
			inputPaths = (
				"${PODS_PODFILE_DIR_PATH}/Podfile.lock",
				"${PODS_ROOT}/Manifest.lock",
			);
			name = "[CP] Check Pods Manifest.lock";
			outputFileListPaths = (
			);
			outputPaths = (
				"$(DERIVED_FILE_DIR)/Pods-Stories-checkManifestLockResult.txt",
			);
			runOnlyForDeploymentPostprocessing = 0;
			shellPath = /bin/sh;
			shellScript = "diff \"${PODS_PODFILE_DIR_PATH}/Podfile.lock\" \"${PODS_ROOT}/Manifest.lock\" > /dev/null\nif [ $? != 0 ] ; then\n    # print error to STDERR\n    echo \"error: The sandbox is not in sync with the Podfile.lock. Run 'pod install' or update your CocoaPods installation.\" >&2\n    exit 1\nfi\n# This output is used by Xcode 'outputs' to avoid re-running this script phase.\necho \"SUCCESS\" > \"${SCRIPT_OUTPUT_FILE_0}\"\n";
			showEnvVarsInLog = 0;
		};
/* End PBXShellScriptBuildPhase section */

/* Begin PBXSourcesBuildPhase section */
		69DA71A42670C44C00C6CE90 /* Sources */ = {
			isa = PBXSourcesBuildPhase;
			buildActionMask = 2147483647;
			files = (
				69BEA40A267143F1000A7F73 /* DetailViewController.swift in Sources */,
				69BEA3F6267135A8000A7F73 /* StoryCollectionViewCell.swift in Sources */,
				69BEA3D82670EB63000A7F73 /* StoryViewController.swift in Sources */,
				69BEA40F26714544000A7F73 /* DetailCollectionViewCell.swift in Sources */,
				69DA72082670D1F100C6CE90 /* MainStoryCollectionViewCell.swift in Sources */,
				69DA71B02670C44C00C6CE90 /* HomepageViewController.swift in Sources */,
				69DA71AC2670C44C00C6CE90 /* AppDelegate.swift in Sources */,
				69DA71AE2670C44C00C6CE90 /* SceneDelegate.swift in Sources */,
				69DA71DF2670C4D200C6CE90 /* Constants.swift in Sources */,
				69BEA4182671616E000A7F73 /* Extensions.swift in Sources */,
				69BEA3DE2670F09F000A7F73 /* SegmentedProgressBar.swift in Sources */,
			);
			runOnlyForDeploymentPostprocessing = 0;
		};
		69DA71BA2670C45100C6CE90 /* Sources */ = {
			isa = PBXSourcesBuildPhase;
			buildActionMask = 2147483647;
			files = (
				69DA71C32670C45100C6CE90 /* StoriesTests.swift in Sources */,
			);
			runOnlyForDeploymentPostprocessing = 0;
		};
		69DA71C52670C45100C6CE90 /* Sources */ = {
			isa = PBXSourcesBuildPhase;
			buildActionMask = 2147483647;
			files = (
				69DA71CE2670C45100C6CE90 /* StoriesUITests.swift in Sources */,
			);
			runOnlyForDeploymentPostprocessing = 0;
		};
/* End PBXSourcesBuildPhase section */

/* Begin PBXTargetDependency section */
		69DA71C02670C45100C6CE90 /* PBXTargetDependency */ = {
			isa = PBXTargetDependency;
			target = 69DA71A72670C44C00C6CE90 /* Stories */;
			targetProxy = 69DA71BF2670C45100C6CE90 /* PBXContainerItemProxy */;
		};
		69DA71CB2670C45100C6CE90 /* PBXTargetDependency */ = {
			isa = PBXTargetDependency;
			target = 69DA71A72670C44C00C6CE90 /* Stories */;
			targetProxy = 69DA71CA2670C45100C6CE90 /* PBXContainerItemProxy */;
		};
/* End PBXTargetDependency section */

/* Begin PBXVariantGroup section */
		69DA71B12670C44C00C6CE90 /* Main.storyboard */ = {
			isa = PBXVariantGroup;
			children = (
				69DA71B22670C44C00C6CE90 /* Base */,
			);
			name = Main.storyboard;
			sourceTree = "<group>";
		};
		69DA71B62670C45000C6CE90 /* LaunchScreen.storyboard */ = {
			isa = PBXVariantGroup;
			children = (
				69DA71B72670C45000C6CE90 /* Base */,
			);
			name = LaunchScreen.storyboard;
			sourceTree = "<group>";
		};
/* End PBXVariantGroup section */

/* Begin XCBuildConfiguration section */
		69DA71D02670C45100C6CE90 /* Debug */ = {
			isa = XCBuildConfiguration;
			buildSettings = {
				ALWAYS_SEARCH_USER_PATHS = NO;
				CLANG_ANALYZER_NONNULL = YES;
				CLANG_ANALYZER_NUMBER_OBJECT_CONVERSION = YES_AGGRESSIVE;
				CLANG_CXX_LANGUAGE_STANDARD = "gnu++14";
				CLANG_CXX_LIBRARY = "libc++";
				CLANG_ENABLE_MODULES = YES;
				CLANG_ENABLE_OBJC_ARC = YES;
				CLANG_ENABLE_OBJC_WEAK = YES;
				CLANG_WARN_BLOCK_CAPTURE_AUTORELEASING = YES;
				CLANG_WARN_BOOL_CONVERSION = YES;
				CLANG_WARN_COMMA = YES;
				CLANG_WARN_CONSTANT_CONVERSION = YES;
				CLANG_WARN_DEPRECATED_OBJC_IMPLEMENTATIONS = YES;
				CLANG_WARN_DIRECT_OBJC_ISA_USAGE = YES_ERROR;
				CLANG_WARN_DOCUMENTATION_COMMENTS = YES;
				CLANG_WARN_EMPTY_BODY = YES;
				CLANG_WARN_ENUM_CONVERSION = YES;
				CLANG_WARN_INFINITE_RECURSION = YES;
				CLANG_WARN_INT_CONVERSION = YES;
				CLANG_WARN_NON_LITERAL_NULL_CONVERSION = YES;
				CLANG_WARN_OBJC_IMPLICIT_RETAIN_SELF = YES;
				CLANG_WARN_OBJC_LITERAL_CONVERSION = YES;
				CLANG_WARN_OBJC_ROOT_CLASS = YES_ERROR;
				CLANG_WARN_QUOTED_INCLUDE_IN_FRAMEWORK_HEADER = YES;
				CLANG_WARN_RANGE_LOOP_ANALYSIS = YES;
				CLANG_WARN_STRICT_PROTOTYPES = YES;
				CLANG_WARN_SUSPICIOUS_MOVE = YES;
				CLANG_WARN_UNGUARDED_AVAILABILITY = YES_AGGRESSIVE;
				CLANG_WARN_UNREACHABLE_CODE = YES;
				CLANG_WARN__DUPLICATE_METHOD_MATCH = YES;
				COPY_PHASE_STRIP = NO;
				DEBUG_INFORMATION_FORMAT = dwarf;
				ENABLE_STRICT_OBJC_MSGSEND = YES;
				ENABLE_TESTABILITY = YES;
				GCC_C_LANGUAGE_STANDARD = gnu11;
				GCC_DYNAMIC_NO_PIC = NO;
				GCC_NO_COMMON_BLOCKS = YES;
				GCC_OPTIMIZATION_LEVEL = 0;
				GCC_PREPROCESSOR_DEFINITIONS = (
					"DEBUG=1",
					"$(inherited)",
				);
				GCC_WARN_64_TO_32_BIT_CONVERSION = YES;
				GCC_WARN_ABOUT_RETURN_TYPE = YES_ERROR;
				GCC_WARN_UNDECLARED_SELECTOR = YES;
				GCC_WARN_UNINITIALIZED_AUTOS = YES_AGGRESSIVE;
				GCC_WARN_UNUSED_FUNCTION = YES;
				GCC_WARN_UNUSED_VARIABLE = YES;
				IPHONEOS_DEPLOYMENT_TARGET = 13.0;
				MTL_ENABLE_DEBUG_INFO = INCLUDE_SOURCE;
				MTL_FAST_MATH = YES;
				ONLY_ACTIVE_ARCH = YES;
				SDKROOT = iphoneos;
				SWIFT_ACTIVE_COMPILATION_CONDITIONS = DEBUG;
				SWIFT_OPTIMIZATION_LEVEL = "-Onone";
			};
			name = Debug;
		};
		69DA71D12670C45100C6CE90 /* Release */ = {
			isa = XCBuildConfiguration;
			buildSettings = {
				ALWAYS_SEARCH_USER_PATHS = NO;
				CLANG_ANALYZER_NONNULL = YES;
				CLANG_ANALYZER_NUMBER_OBJECT_CONVERSION = YES_AGGRESSIVE;
				CLANG_CXX_LANGUAGE_STANDARD = "gnu++14";
				CLANG_CXX_LIBRARY = "libc++";
				CLANG_ENABLE_MODULES = YES;
				CLANG_ENABLE_OBJC_ARC = YES;
				CLANG_ENABLE_OBJC_WEAK = YES;
				CLANG_WARN_BLOCK_CAPTURE_AUTORELEASING = YES;
				CLANG_WARN_BOOL_CONVERSION = YES;
				CLANG_WARN_COMMA = YES;
				CLANG_WARN_CONSTANT_CONVERSION = YES;
				CLANG_WARN_DEPRECATED_OBJC_IMPLEMENTATIONS = YES;
				CLANG_WARN_DIRECT_OBJC_ISA_USAGE = YES_ERROR;
				CLANG_WARN_DOCUMENTATION_COMMENTS = YES;
				CLANG_WARN_EMPTY_BODY = YES;
				CLANG_WARN_ENUM_CONVERSION = YES;
				CLANG_WARN_INFINITE_RECURSION = YES;
				CLANG_WARN_INT_CONVERSION = YES;
				CLANG_WARN_NON_LITERAL_NULL_CONVERSION = YES;
				CLANG_WARN_OBJC_IMPLICIT_RETAIN_SELF = YES;
				CLANG_WARN_OBJC_LITERAL_CONVERSION = YES;
				CLANG_WARN_OBJC_ROOT_CLASS = YES_ERROR;
				CLANG_WARN_QUOTED_INCLUDE_IN_FRAMEWORK_HEADER = YES;
				CLANG_WARN_RANGE_LOOP_ANALYSIS = YES;
				CLANG_WARN_STRICT_PROTOTYPES = YES;
				CLANG_WARN_SUSPICIOUS_MOVE = YES;
				CLANG_WARN_UNGUARDED_AVAILABILITY = YES_AGGRESSIVE;
				CLANG_WARN_UNREACHABLE_CODE = YES;
				CLANG_WARN__DUPLICATE_METHOD_MATCH = YES;
				COPY_PHASE_STRIP = NO;
				DEBUG_INFORMATION_FORMAT = "dwarf-with-dsym";
				ENABLE_NS_ASSERTIONS = NO;
				ENABLE_STRICT_OBJC_MSGSEND = YES;
				GCC_C_LANGUAGE_STANDARD = gnu11;
				GCC_NO_COMMON_BLOCKS = YES;
				GCC_WARN_64_TO_32_BIT_CONVERSION = YES;
				GCC_WARN_ABOUT_RETURN_TYPE = YES_ERROR;
				GCC_WARN_UNDECLARED_SELECTOR = YES;
				GCC_WARN_UNINITIALIZED_AUTOS = YES_AGGRESSIVE;
				GCC_WARN_UNUSED_FUNCTION = YES;
				GCC_WARN_UNUSED_VARIABLE = YES;
				IPHONEOS_DEPLOYMENT_TARGET = 13.0;
				MTL_ENABLE_DEBUG_INFO = NO;
				MTL_FAST_MATH = YES;
				SDKROOT = iphoneos;
				SWIFT_COMPILATION_MODE = wholemodule;
				SWIFT_OPTIMIZATION_LEVEL = "-O";
				VALIDATE_PRODUCT = YES;
			};
			name = Release;
		};
		69DA71D32670C45100C6CE90 /* Debug */ = {
			isa = XCBuildConfiguration;
			baseConfigurationReference = 9F2794DDDCEB25DEA2B41035 /* Pods-Stories.debug.xcconfig */;
			buildSettings = {
				ASSETCATALOG_COMPILER_APPICON_NAME = AppIcon;
				ASSETCATALOG_COMPILER_GLOBAL_ACCENT_COLOR_NAME = AccentColor;
				CODE_SIGN_STYLE = Automatic;
				DEVELOPMENT_TEAM = 9HS2WT3TK8;
				INFOPLIST_FILE = Stories/Info.plist;
				IPHONEOS_DEPLOYMENT_TARGET = 13.0;
				LD_RUNPATH_SEARCH_PATHS = (
					"$(inherited)",
					"@executable_path/Frameworks",
				);
				PRODUCT_BUNDLE_IDENTIFIER = co.alc.Stories;
				PRODUCT_NAME = "$(TARGET_NAME)";
				SWIFT_VERSION = 5.0;
				TARGETED_DEVICE_FAMILY = "1,2";
			};
			name = Debug;
		};
		69DA71D42670C45100C6CE90 /* Release */ = {
			isa = XCBuildConfiguration;
			baseConfigurationReference = FE3468A1B6F3B34893431691 /* Pods-Stories.release.xcconfig */;
			buildSettings = {
				ASSETCATALOG_COMPILER_APPICON_NAME = AppIcon;
				ASSETCATALOG_COMPILER_GLOBAL_ACCENT_COLOR_NAME = AccentColor;
				CODE_SIGN_STYLE = Automatic;
				DEVELOPMENT_TEAM = 9HS2WT3TK8;
				INFOPLIST_FILE = Stories/Info.plist;
				IPHONEOS_DEPLOYMENT_TARGET = 13.0;
				LD_RUNPATH_SEARCH_PATHS = (
					"$(inherited)",
					"@executable_path/Frameworks",
				);
				PRODUCT_BUNDLE_IDENTIFIER = co.alc.Stories;
				PRODUCT_NAME = "$(TARGET_NAME)";
				SWIFT_VERSION = 5.0;
				TARGETED_DEVICE_FAMILY = "1,2";
			};
			name = Release;
		};
		69DA71D62670C45100C6CE90 /* Debug */ = {
			isa = XCBuildConfiguration;
			baseConfigurationReference = C726E0E961B64AEC33EFD5DA /* Pods-StoriesTests.debug.xcconfig */;
			buildSettings = {
				ALWAYS_EMBED_SWIFT_STANDARD_LIBRARIES = YES;
				BUNDLE_LOADER = "$(TEST_HOST)";
				CODE_SIGN_STYLE = Automatic;
				DEVELOPMENT_TEAM = 9HS2WT3TK8;
				INFOPLIST_FILE = StoriesTests/Info.plist;
				IPHONEOS_DEPLOYMENT_TARGET = 14.2;
				LD_RUNPATH_SEARCH_PATHS = (
					"$(inherited)",
					"@executable_path/Frameworks",
					"@loader_path/Frameworks",
				);
				PRODUCT_BUNDLE_IDENTIFIER = co.alc.StoriesTests;
				PRODUCT_NAME = "$(TARGET_NAME)";
				SWIFT_VERSION = 5.0;
				TARGETED_DEVICE_FAMILY = "1,2";
				TEST_HOST = "$(BUILT_PRODUCTS_DIR)/Stories.app/Stories";
			};
			name = Debug;
		};
		69DA71D72670C45100C6CE90 /* Release */ = {
			isa = XCBuildConfiguration;
			baseConfigurationReference = 640B934325961EE3390EC820 /* Pods-StoriesTests.release.xcconfig */;
			buildSettings = {
				ALWAYS_EMBED_SWIFT_STANDARD_LIBRARIES = YES;
				BUNDLE_LOADER = "$(TEST_HOST)";
				CODE_SIGN_STYLE = Automatic;
				DEVELOPMENT_TEAM = 9HS2WT3TK8;
				INFOPLIST_FILE = StoriesTests/Info.plist;
				IPHONEOS_DEPLOYMENT_TARGET = 14.2;
				LD_RUNPATH_SEARCH_PATHS = (
					"$(inherited)",
					"@executable_path/Frameworks",
					"@loader_path/Frameworks",
				);
				PRODUCT_BUNDLE_IDENTIFIER = co.alc.StoriesTests;
				PRODUCT_NAME = "$(TARGET_NAME)";
				SWIFT_VERSION = 5.0;
				TARGETED_DEVICE_FAMILY = "1,2";
				TEST_HOST = "$(BUILT_PRODUCTS_DIR)/Stories.app/Stories";
			};
			name = Release;
		};
		69DA71D92670C45100C6CE90 /* Debug */ = {
			isa = XCBuildConfiguration;
			baseConfigurationReference = 9327EFC3A1BB304F47A8850B /* Pods-Stories-StoriesUITests.debug.xcconfig */;
			buildSettings = {
				ALWAYS_EMBED_SWIFT_STANDARD_LIBRARIES = YES;
				CODE_SIGN_STYLE = Automatic;
				DEVELOPMENT_TEAM = 9HS2WT3TK8;
				INFOPLIST_FILE = StoriesUITests/Info.plist;
				LD_RUNPATH_SEARCH_PATHS = (
					"$(inherited)",
					"@executable_path/Frameworks",
					"@loader_path/Frameworks",
				);
				PRODUCT_BUNDLE_IDENTIFIER = co.alc.StoriesUITests;
				PRODUCT_NAME = "$(TARGET_NAME)";
				SWIFT_VERSION = 5.0;
				TARGETED_DEVICE_FAMILY = "1,2";
				TEST_TARGET_NAME = Stories;
			};
			name = Debug;
		};
		69DA71DA2670C45100C6CE90 /* Release */ = {
			isa = XCBuildConfiguration;
			baseConfigurationReference = BB3FEF68DF7D23FD7BA8DC0F /* Pods-Stories-StoriesUITests.release.xcconfig */;
			buildSettings = {
				ALWAYS_EMBED_SWIFT_STANDARD_LIBRARIES = YES;
				CODE_SIGN_STYLE = Automatic;
				DEVELOPMENT_TEAM = 9HS2WT3TK8;
				INFOPLIST_FILE = StoriesUITests/Info.plist;
				LD_RUNPATH_SEARCH_PATHS = (
					"$(inherited)",
					"@executable_path/Frameworks",
					"@loader_path/Frameworks",
				);
				PRODUCT_BUNDLE_IDENTIFIER = co.alc.StoriesUITests;
				PRODUCT_NAME = "$(TARGET_NAME)";
				SWIFT_VERSION = 5.0;
				TARGETED_DEVICE_FAMILY = "1,2";
				TEST_TARGET_NAME = Stories;
			};
			name = Release;
		};
/* End XCBuildConfiguration section */

/* Begin XCConfigurationList section */
		69DA71A32670C44C00C6CE90 /* Build configuration list for PBXProject "Stories" */ = {
			isa = XCConfigurationList;
			buildConfigurations = (
				69DA71D02670C45100C6CE90 /* Debug */,
				69DA71D12670C45100C6CE90 /* Release */,
			);
			defaultConfigurationIsVisible = 0;
			defaultConfigurationName = Release;
		};
		69DA71D22670C45100C6CE90 /* Build configuration list for PBXNativeTarget "Stories" */ = {
			isa = XCConfigurationList;
			buildConfigurations = (
				69DA71D32670C45100C6CE90 /* Debug */,
				69DA71D42670C45100C6CE90 /* Release */,
			);
			defaultConfigurationIsVisible = 0;
			defaultConfigurationName = Release;
		};
		69DA71D52670C45100C6CE90 /* Build configuration list for PBXNativeTarget "StoriesTests" */ = {
			isa = XCConfigurationList;
			buildConfigurations = (
				69DA71D62670C45100C6CE90 /* Debug */,
				69DA71D72670C45100C6CE90 /* Release */,
			);
			defaultConfigurationIsVisible = 0;
			defaultConfigurationName = Release;
		};
		69DA71D82670C45100C6CE90 /* Build configuration list for PBXNativeTarget "StoriesUITests" */ = {
			isa = XCConfigurationList;
			buildConfigurations = (
				69DA71D92670C45100C6CE90 /* Debug */,
				69DA71DA2670C45100C6CE90 /* Release */,
			);
			defaultConfigurationIsVisible = 0;
			defaultConfigurationName = Release;
		};
/* End XCConfigurationList section */
	};
	rootObject = 69DA71A02670C44C00C6CE90 /* Project object */;
}
